
Microsoft Visual Studio Solution File, Format Version 12.00
# Visual Studio 15
VisualStudioVersion = 15.0.26730.16
MinimumVisualStudioVersion = 10.0.40219.1
Project("{FAE04EC0-301F-11D3-BF4B-00C04F79EFBC}") = "ToDoApp", "ToDoApp\ToDoApp.csproj", "{3521508D-9570-4AC7-9194-579C6C954531}"
EndProject
Global
	GlobalSection(SolutionConfigurationPlatforms) = preSolution
		Debug|Any CPU = Debug|Any CPU
		Release|Any CPU = Release|Any CPU
	EndGlobalSection
	GlobalSection(ProjectConfigurationPlatforms) = postSolution
		{3521508D-9570-4AC7-9194-579C6C954531}.Debug|Any CPU.ActiveCfg = Debug|Any CPU
		{3521508D-9570-4AC7-9194-579C6C954531}.Debug|Any CPU.Build.0 = Debug|Any CPU
		{3521508D-9570-4AC7-9194-579C6C954531}.Release|Any CPU.ActiveCfg = Release|Any CPU
		{3521508D-9570-4AC7-9194-579C6C954531}.Release|Any CPU.Build.0 = Release|Any CPU
	EndGlobalSection
	GlobalSection(SolutionProperties) = preSolution
		HideSolutionNode = FALSE
	EndGlobalSection
	GlobalSection(ExtensibilityGlobals) = postSolution
		SolutionGuid = {2DC9E42F-1D7F-4FD3-A1AC-0DE6DFFC290D}
	EndGlobalSection
EndGlobal
